
Microsoft Visual Studio Solution File, Format Version 12.00
# Visual Studio 15
VisualStudioVersion = 15.0.26430.12
MinimumVisualStudioVersion = 10.0.40219.1
Project("{FAE04EC0-301F-11D3-BF4B-00C04F79EFBC}") = "AsteroidsAIUI", "Asteroids AI UI\AsteroidsAIUI.csproj", "{E02BE956-54A9-4186-BE3E-1764F343A80E}"
EndProject
Project("{9A19103F-16F7-4668-BE54-9A1E7A4F7556}") = "NeuralNetwork", "NeuralNetwork\NeuralNetwork.csproj", "{4DE8DABA-D569-42EC-8189-FD0F707E529E}"
EndProject
Project("{9A19103F-16F7-4668-BE54-9A1E7A4F7556}") = "AsteroidsGame", "AsteroidsGame\AsteroidsGame.csproj", "{088CB7CE-0F37-4583-8E24-A4469C956402}"
EndProject
Project("{FAE04EC0-301F-11D3-BF4B-00C04F79EFBC}") = "UnitTests", "UnitTests\UnitTests.csproj", "{F648A664-F671-4B87-A239-843DBBA32CF6}"
EndProject
Global
	GlobalSection(SolutionConfigurationPlatforms) = preSolution
		Debug|Any CPU = Debug|Any CPU
		Release|Any CPU = Release|Any CPU
	EndGlobalSection
	GlobalSection(ProjectConfigurationPlatforms) = postSolution
		{E02BE956-54A9-4186-BE3E-1764F343A80E}.Debug|Any CPU.ActiveCfg = Debug|Any CPU
		{E02BE956-54A9-4186-BE3E-1764F343A80E}.Debug|Any CPU.Build.0 = Debug|Any CPU
		{E02BE956-54A9-4186-BE3E-1764F343A80E}.Release|Any CPU.ActiveCfg = Release|Any CPU
		{E02BE956-54A9-4186-BE3E-1764F343A80E}.Release|Any CPU.Build.0 = Release|Any CPU
		{4DE8DABA-D569-42EC-8189-FD0F707E529E}.Debug|Any CPU.ActiveCfg = Debug|Any CPU
		{4DE8DABA-D569-42EC-8189-FD0F707E529E}.Debug|Any CPU.Build.0 = Debug|Any CPU
		{4DE8DABA-D569-42EC-8189-FD0F707E529E}.Release|Any CPU.ActiveCfg = Release|Any CPU
		{4DE8DABA-D569-42EC-8189-FD0F707E529E}.Release|Any CPU.Build.0 = Release|Any CPU
		{088CB7CE-0F37-4583-8E24-A4469C956402}.Debug|Any CPU.ActiveCfg = Debug|Any CPU
		{088CB7CE-0F37-4583-8E24-A4469C956402}.Debug|Any CPU.Build.0 = Debug|Any CPU
		{088CB7CE-0F37-4583-8E24-A4469C956402}.Release|Any CPU.ActiveCfg = Release|Any CPU
		{088CB7CE-0F37-4583-8E24-A4469C956402}.Release|Any CPU.Build.0 = Release|Any CPU
		{F648A664-F671-4B87-A239-843DBBA32CF6}.Debug|Any CPU.ActiveCfg = Debug|Any CPU
		{F648A664-F671-4B87-A239-843DBBA32CF6}.Debug|Any CPU.Build.0 = Debug|Any CPU
		{F648A664-F671-4B87-A239-843DBBA32CF6}.Release|Any CPU.ActiveCfg = Release|Any CPU
		{F648A664-F671-4B87-A239-843DBBA32CF6}.Release|Any CPU.Build.0 = Release|Any CPU
	EndGlobalSection
	GlobalSection(SolutionProperties) = preSolution
		HideSolutionNode = FALSE
	EndGlobalSection
	GlobalSection(ExtensibilityGlobals) = postSolution
		SolutionGuid = {C3DB158E-EB13-404E-8FA9-B312B19C3546}
	EndGlobalSection
EndGlobal
